
Microsoft Visual Studio Solution File, Format Version 12.00
# Visual Studio 14
VisualStudioVersion = 14.0.25420.1
MinimumVisualStudioVersion = 10.0.40219.1
Project("{FAE04EC0-301F-11D3-BF4B-00C04F79EFBC}") = "Documents", "Documents\Documents.csproj", "{88D7A242-6D53-431D-817D-5D21D8009921}"
EndProject
Project("{FAE04EC0-301F-11D3-BF4B-00C04F79EFBC}") = "Documents.Tests", "Documents.Tests\Documents.Tests.csproj", "{A310A8E3-8844-47CD-8026-0C606AC09AC6}"
EndProject
Global
	GlobalSection(SolutionConfigurationPlatforms) = preSolution
		Debug|Any CPU = Debug|Any CPU
		Release|Any CPU = Release|Any CPU
	EndGlobalSection
	GlobalSection(ProjectConfigurationPlatforms) = postSolution
		{88D7A242-6D53-431D-817D-5D21D8009921}.Debug|Any CPU.ActiveCfg = Debug|Any CPU
		{88D7A242-6D53-431D-817D-5D21D8009921}.Debug|Any CPU.Build.0 = Debug|Any CPU
		{88D7A242-6D53-431D-817D-5D21D8009921}.Release|Any CPU.ActiveCfg = Release|Any CPU
		{88D7A242-6D53-431D-817D-5D21D8009921}.Release|Any CPU.Build.0 = Release|Any CPU
		{A310A8E3-8844-47CD-8026-0C606AC09AC6}.Debug|Any CPU.ActiveCfg = Debug|Any CPU
		{A310A8E3-8844-47CD-8026-0C606AC09AC6}.Debug|Any CPU.Build.0 = Debug|Any CPU
		{A310A8E3-8844-47CD-8026-0C606AC09AC6}.Release|Any CPU.ActiveCfg = Release|Any CPU
		{A310A8E3-8844-47CD-8026-0C606AC09AC6}.Release|Any CPU.Build.0 = Release|Any CPU
	EndGlobalSection
	GlobalSection(SolutionProperties) = preSolution
		HideSolutionNode = FALSE
	EndGlobalSection
EndGlobal
